
Microsoft Visual Studio Solution File, Format Version 12.00
# Visual Studio 15
VisualStudioVersion = 15.0.27130.2010
MinimumVisualStudioVersion = 10.0.40219.1
Project("{2150E333-8FDC-42A3-9474-1A3956D46DE8}") = "src", "src", "{AB5025AC-58AE-4E04-9B2F-B2D49425E3AF}"
EndProject
Project("{2150E333-8FDC-42A3-9474-1A3956D46DE8}") = "Solution Items", "Solution Items", "{3CD66056-A8AA-4844-94A1-A9317633CF7D}"
	ProjectSection(SolutionItems) = preProject
		appveyor.yml = appveyor.yml
		README.md = README.md
	EndProjectSection
EndProject
Project("{2150E333-8FDC-42A3-9474-1A3956D46DE8}") = "test", "test", "{D32C9C10-8529-4C43-82F4-D0B022DD3AD0}"
EndProject
Project("{9A19103F-16F7-4668-BE54-9A1E7A4F7556}") = "MediaInfo.DotNetWrapper", "src\MediaInfo.DotNetWrapper\MediaInfo.DotNetWrapper.csproj", "{91171908-E4A8-4290-A2DA-3931F33B5197}"
EndProject
Project("{FAE04EC0-301F-11D3-BF4B-00C04F79EFBC}") = "MediaInfo.DotNetWrapper.ConsoleTest", "test\MediaInfo.DotNetWrapper.ConsoleTest\MediaInfo.DotNetWrapper.ConsoleTest.csproj", "{D5073780-6F87-4943-8B69-CBE930C2334F}"
	ProjectSection(ProjectDependencies) = postProject
		{91171908-E4A8-4290-A2DA-3931F33B5197} = {91171908-E4A8-4290-A2DA-3931F33B5197}
	EndProjectSection
EndProject
Global
	GlobalSection(SolutionConfigurationPlatforms) = preSolution
		Debug|Any CPU = Debug|Any CPU
		Debug|x64 = Debug|x64
		Debug|x86 = Debug|x86
		Release|Any CPU = Release|Any CPU
		Release|x64 = Release|x64
		Release|x86 = Release|x86
	EndGlobalSection
	GlobalSection(ProjectConfigurationPlatforms) = postSolution
		{91171908-E4A8-4290-A2DA-3931F33B5197}.Debug|Any CPU.ActiveCfg = Debug|Any CPU
		{91171908-E4A8-4290-A2DA-3931F33B5197}.Debug|Any CPU.Build.0 = Debug|Any CPU
		{91171908-E4A8-4290-A2DA-3931F33B5197}.Debug|x64.ActiveCfg = Debug|Any CPU
		{91171908-E4A8-4290-A2DA-3931F33B5197}.Debug|x64.Build.0 = Debug|Any CPU
		{91171908-E4A8-4290-A2DA-3931F33B5197}.Debug|x86.ActiveCfg = Debug|Any CPU
		{91171908-E4A8-4290-A2DA-3931F33B5197}.Debug|x86.Build.0 = Debug|Any CPU
		{91171908-E4A8-4290-A2DA-3931F33B5197}.Release|Any CPU.ActiveCfg = Release|Any CPU
		{91171908-E4A8-4290-A2DA-3931F33B5197}.Release|Any CPU.Build.0 = Release|Any CPU
		{91171908-E4A8-4290-A2DA-3931F33B5197}.Release|x64.ActiveCfg = Release|Any CPU
		{91171908-E4A8-4290-A2DA-3931F33B5197}.Release|x64.Build.0 = Release|Any CPU
		{91171908-E4A8-4290-A2DA-3931F33B5197}.Release|x86.ActiveCfg = Release|Any CPU
		{91171908-E4A8-4290-A2DA-3931F33B5197}.Release|x86.Build.0 = Release|Any CPU
		{D5073780-6F87-4943-8B69-CBE930C2334F}.Debug|Any CPU.ActiveCfg = Debug|Any CPU
		{D5073780-6F87-4943-8B69-CBE930C2334F}.Debug|Any CPU.Build.0 = Debug|Any CPU
		{D5073780-6F87-4943-8B69-CBE930C2334F}.Debug|x64.ActiveCfg = Debug|x64
		{D5073780-6F87-4943-8B69-CBE930C2334F}.Debug|x64.Build.0 = Debug|x64
		{D5073780-6F87-4943-8B69-CBE930C2334F}.Debug|x86.ActiveCfg = Debug|x86
		{D5073780-6F87-4943-8B69-CBE930C2334F}.Debug|x86.Build.0 = Debug|x86
		{D5073780-6F87-4943-8B69-CBE930C2334F}.Release|Any CPU.ActiveCfg = Release|Any CPU
		{D5073780-6F87-4943-8B69-CBE930C2334F}.Release|Any CPU.Build.0 = Release|Any CPU
		{D5073780-6F87-4943-8B69-CBE930C2334F}.Release|x64.ActiveCfg = Release|x64
		{D5073780-6F87-4943-8B69-CBE930C2334F}.Release|x64.Build.0 = Release|x64
		{D5073780-6F87-4943-8B69-CBE930C2334F}.Release|x86.ActiveCfg = Release|x86
		{D5073780-6F87-4943-8B69-CBE930C2334F}.Release|x86.Build.0 = Release|x86
	EndGlobalSection
	GlobalSection(SolutionProperties) = preSolution
		HideSolutionNode = FALSE
	EndGlobalSection
	GlobalSection(NestedProjects) = preSolution
		{91171908-E4A8-4290-A2DA-3931F33B5197} = {AB5025AC-58AE-4E04-9B2F-B2D49425E3AF}
		{D5073780-6F87-4943-8B69-CBE930C2334F} = {D32C9C10-8529-4C43-82F4-D0B022DD3AD0}
	EndGlobalSection
	GlobalSection(ExtensibilityGlobals) = postSolution
		SolutionGuid = {7E8E3ED4-3602-4B4C-B0A3-4C7647114A73}
	EndGlobalSection
EndGlobal
